// !$*UTF8*$!
{
	archiveVersion = 1;
	classes = {
	};
	objectVersion = 51;
	objects = {

/* Begin PBXBuildFile section */
		0F06365302199E58DF3FFBD5 /* Pods_keats.framework in Frameworks */ = {isa = PBXBuildFile; fileRef = D9CE90B1F7C293B686E38FAF /* Pods_keats.framework */; };
		5AE4B5479DF3E7CA56705FD7 /* Pods_keatsTests.framework in Frameworks */ = {isa = PBXBuildFile; fileRef = 6EF970028685C92805F24810 /* Pods_keatsTests.framework */; };
		7031CB0625D12B9E0002E641 /* AppDelegate.swift in Sources */ = {isa = PBXBuildFile; fileRef = 7031CB0525D12B9E0002E641 /* AppDelegate.swift */; };
		7031CB0825D12B9E0002E641 /* SceneDelegate.swift in Sources */ = {isa = PBXBuildFile; fileRef = 7031CB0725D12B9E0002E641 /* SceneDelegate.swift */; };
		7031CB0D25D12B9E0002E641 /* Main.storyboard in Resources */ = {isa = PBXBuildFile; fileRef = 7031CB0B25D12B9E0002E641 /* Main.storyboard */; };
		7031CB0F25D12BA10002E641 /* Assets.xcassets in Resources */ = {isa = PBXBuildFile; fileRef = 7031CB0E25D12BA10002E641 /* Assets.xcassets */; };
		7031CB1225D12BA10002E641 /* LaunchScreen.storyboard in Resources */ = {isa = PBXBuildFile; fileRef = 7031CB1025D12BA10002E641 /* LaunchScreen.storyboard */; };
		7031CB1D25D12BA10002E641 /* keatsTests.swift in Sources */ = {isa = PBXBuildFile; fileRef = 7031CB1C25D12BA10002E641 /* keatsTests.swift */; };
		7031CB2825D12BA10002E641 /* keatsUITests.swift in Sources */ = {isa = PBXBuildFile; fileRef = 7031CB2725D12BA10002E641 /* keatsUITests.swift */; };
		7057A06625EC106000CEA17A /* GoogleService-Info.plist in Resources */ = {isa = PBXBuildFile; fileRef = 7057A06525EC106000CEA17A /* GoogleService-Info.plist */; };
		7057A06725EC106000CEA17A /* GoogleService-Info.plist in Resources */ = {isa = PBXBuildFile; fileRef = 7057A06525EC106000CEA17A /* GoogleService-Info.plist */; };
		7057A06825EC106000CEA17A /* GoogleService-Info.plist in Resources */ = {isa = PBXBuildFile; fileRef = 7057A06525EC106000CEA17A /* GoogleService-Info.plist */; };
		70764562260B5E310000B52A /* Berlin Bold.ttf in Resources */ = {isa = PBXBuildFile; fileRef = 7076455E260B5E310000B52A /* Berlin Bold.ttf */; };
		70764563260B5E310000B52A /* Berlin X-Bold.ttf in Resources */ = {isa = PBXBuildFile; fileRef = 7076455F260B5E310000B52A /* Berlin X-Bold.ttf */; };
		70764564260B5E310000B52A /* Berlin.ttf in Resources */ = {isa = PBXBuildFile; fileRef = 70764560260B5E310000B52A /* Berlin.ttf */; };
		70764565260B5E310000B52A /* Berlin - Italic.ttf in Resources */ = {isa = PBXBuildFile; fileRef = 70764561260B5E310000B52A /* Berlin - Italic.ttf */; };
		707645D42615BB830000B52A /* PhoneViewController.swift in Sources */ = {isa = PBXBuildFile; fileRef = 707645D32615BB830000B52A /* PhoneViewController.swift */; };
		707645D52615BB830000B52A /* PhoneViewController.swift in Sources */ = {isa = PBXBuildFile; fileRef = 707645D32615BB830000B52A /* PhoneViewController.swift */; };
		707645D62615BB830000B52A /* PhoneViewController.swift in Sources */ = {isa = PBXBuildFile; fileRef = 707645D32615BB830000B52A /* PhoneViewController.swift */; };
		707645F62619893D0000B52A /* OTPStackView.swift in Sources */ = {isa = PBXBuildFile; fileRef = 707645F52619893D0000B52A /* OTPStackView.swift */; };
		707645FB261989720000B52A /* OTPTextField.swift in Sources */ = {isa = PBXBuildFile; fileRef = 707645FA261989720000B52A /* OTPTextField.swift */; };
		7076460026198A360000B52A /* OTPViewController.swift in Sources */ = {isa = PBXBuildFile; fileRef = 707645FF26198A360000B52A /* OTPViewController.swift */; };
		7076460126198A360000B52A /* OTPViewController.swift in Sources */ = {isa = PBXBuildFile; fileRef = 707645FF26198A360000B52A /* OTPViewController.swift */; };
		7076460226198A360000B52A /* OTPViewController.swift in Sources */ = {isa = PBXBuildFile; fileRef = 707645FF26198A360000B52A /* OTPViewController.swift */; };
		707646082619D2E20000B52A /* CountryCodes.swift in Sources */ = {isa = PBXBuildFile; fileRef = 707646072619D2E20000B52A /* CountryCodes.swift */; };
		7076460D261A29EB0000B52A /* HomeViewController.swift in Sources */ = {isa = PBXBuildFile; fileRef = 7076460C261A29EA0000B52A /* HomeViewController.swift */; };
		7076460E261A29EB0000B52A /* HomeViewController.swift in Sources */ = {isa = PBXBuildFile; fileRef = 7076460C261A29EA0000B52A /* HomeViewController.swift */; };
		7076460F261A29EB0000B52A /* HomeViewController.swift in Sources */ = {isa = PBXBuildFile; fileRef = 7076460C261A29EA0000B52A /* HomeViewController.swift */; };
		7076464A261B26620000B52A /* ClubModel.swift in Sources */ = {isa = PBXBuildFile; fileRef = 70764649261B26620000B52A /* ClubModel.swift */; };
		70764652261B289E0000B52A /* UserModel.swift in Sources */ = {isa = PBXBuildFile; fileRef = 70764651261B289E0000B52A /* UserModel.swift */; };
		70764657261B295A0000B52A /* DetailsModel.swift in Sources */ = {isa = PBXBuildFile; fileRef = 70764656261B295A0000B52A /* DetailsModel.swift */; };
		96128FDCA485AE355DCE0753 /* Pods_keats_keatsUITests.framework in Frameworks */ = {isa = PBXBuildFile; fileRef = 3F5A33084BBA16680928A599 /* Pods_keats_keatsUITests.framework */; };
/* End PBXBuildFile section */

/* Begin PBXContainerItemProxy section */
		7031CB1925D12BA10002E641 /* PBXContainerItemProxy */ = {
			isa = PBXContainerItemProxy;
			containerPortal = 7031CAFA25D12B9E0002E641 /* Project object */;
			proxyType = 1;
			remoteGlobalIDString = 7031CB0125D12B9E0002E641;
			remoteInfo = keats;
		};
		7031CB2425D12BA10002E641 /* PBXContainerItemProxy */ = {
			isa = PBXContainerItemProxy;
			containerPortal = 7031CAFA25D12B9E0002E641 /* Project object */;
			proxyType = 1;
			remoteGlobalIDString = 7031CB0125D12B9E0002E641;
			remoteInfo = keats;
		};
/* End PBXContainerItemProxy section */

/* Begin PBXFileReference section */
		325AED092B90C469203BEDCC /* Pods-keats.release.xcconfig */ = {isa = PBXFileReference; includeInIndex = 1; lastKnownFileType = text.xcconfig; name = "Pods-keats.release.xcconfig"; path = "Target Support Files/Pods-keats/Pods-keats.release.xcconfig"; sourceTree = "<group>"; };
		37AE49F0A16003820CEA41A0 /* Pods-keatsTests.debug.xcconfig */ = {isa = PBXFileReference; includeInIndex = 1; lastKnownFileType = text.xcconfig; name = "Pods-keatsTests.debug.xcconfig"; path = "Target Support Files/Pods-keatsTests/Pods-keatsTests.debug.xcconfig"; sourceTree = "<group>"; };
		3F5A33084BBA16680928A599 /* Pods_keats_keatsUITests.framework */ = {isa = PBXFileReference; explicitFileType = wrapper.framework; includeInIndex = 0; path = Pods_keats_keatsUITests.framework; sourceTree = BUILT_PRODUCTS_DIR; };
		5A9E7831E2D2589DE6B156BA /* Pods-keats.debug.xcconfig */ = {isa = PBXFileReference; includeInIndex = 1; lastKnownFileType = text.xcconfig; name = "Pods-keats.debug.xcconfig"; path = "Target Support Files/Pods-keats/Pods-keats.debug.xcconfig"; sourceTree = "<group>"; };
		5E57636C8205A4F7BF1AECE3 /* Pods-keatsTests.release.xcconfig */ = {isa = PBXFileReference; includeInIndex = 1; lastKnownFileType = text.xcconfig; name = "Pods-keatsTests.release.xcconfig"; path = "Target Support Files/Pods-keatsTests/Pods-keatsTests.release.xcconfig"; sourceTree = "<group>"; };
		6EF970028685C92805F24810 /* Pods_keatsTests.framework */ = {isa = PBXFileReference; explicitFileType = wrapper.framework; includeInIndex = 0; path = Pods_keatsTests.framework; sourceTree = BUILT_PRODUCTS_DIR; };
		7031CB0225D12B9E0002E641 /* keats.app */ = {isa = PBXFileReference; explicitFileType = wrapper.application; includeInIndex = 0; path = keats.app; sourceTree = BUILT_PRODUCTS_DIR; };
		7031CB0525D12B9E0002E641 /* AppDelegate.swift */ = {isa = PBXFileReference; lastKnownFileType = sourcecode.swift; path = AppDelegate.swift; sourceTree = "<group>"; };
		7031CB0725D12B9E0002E641 /* SceneDelegate.swift */ = {isa = PBXFileReference; lastKnownFileType = sourcecode.swift; path = SceneDelegate.swift; sourceTree = "<group>"; };
		7031CB0C25D12B9E0002E641 /* Base */ = {isa = PBXFileReference; lastKnownFileType = file.storyboard; name = Base; path = Base.lproj/Main.storyboard; sourceTree = "<group>"; };
		7031CB0E25D12BA10002E641 /* Assets.xcassets */ = {isa = PBXFileReference; lastKnownFileType = folder.assetcatalog; path = Assets.xcassets; sourceTree = "<group>"; };
		7031CB1125D12BA10002E641 /* Base */ = {isa = PBXFileReference; lastKnownFileType = file.storyboard; name = Base; path = Base.lproj/LaunchScreen.storyboard; sourceTree = "<group>"; };
		7031CB1325D12BA10002E641 /* Info.plist */ = {isa = PBXFileReference; lastKnownFileType = text.plist.xml; path = Info.plist; sourceTree = "<group>"; };
		7031CB1825D12BA10002E641 /* keatsTests.xctest */ = {isa = PBXFileReference; explicitFileType = wrapper.cfbundle; includeInIndex = 0; path = keatsTests.xctest; sourceTree = BUILT_PRODUCTS_DIR; };
		7031CB1C25D12BA10002E641 /* keatsTests.swift */ = {isa = PBXFileReference; lastKnownFileType = sourcecode.swift; path = keatsTests.swift; sourceTree = "<group>"; };
		7031CB1E25D12BA10002E641 /* Info.plist */ = {isa = PBXFileReference; lastKnownFileType = text.plist.xml; path = Info.plist; sourceTree = "<group>"; };
		7031CB2325D12BA10002E641 /* keatsUITests.xctest */ = {isa = PBXFileReference; explicitFileType = wrapper.cfbundle; includeInIndex = 0; path = keatsUITests.xctest; sourceTree = BUILT_PRODUCTS_DIR; };
		7031CB2725D12BA10002E641 /* keatsUITests.swift */ = {isa = PBXFileReference; lastKnownFileType = sourcecode.swift; path = keatsUITests.swift; sourceTree = "<group>"; };
		7031CB2925D12BA10002E641 /* Info.plist */ = {isa = PBXFileReference; lastKnownFileType = text.plist.xml; path = Info.plist; sourceTree = "<group>"; };
		7057A06525EC106000CEA17A /* GoogleService-Info.plist */ = {isa = PBXFileReference; fileEncoding = 4; lastKnownFileType = text.plist.xml; path = "GoogleService-Info.plist"; sourceTree = "<group>"; };
		7076455E260B5E310000B52A /* Berlin Bold.ttf */ = {isa = PBXFileReference; lastKnownFileType = file; path = "Berlin Bold.ttf"; sourceTree = "<group>"; };
		7076455F260B5E310000B52A /* Berlin X-Bold.ttf */ = {isa = PBXFileReference; lastKnownFileType = file; path = "Berlin X-Bold.ttf"; sourceTree = "<group>"; };
		70764560260B5E310000B52A /* Berlin.ttf */ = {isa = PBXFileReference; lastKnownFileType = file; path = Berlin.ttf; sourceTree = "<group>"; };
		70764561260B5E310000B52A /* Berlin - Italic.ttf */ = {isa = PBXFileReference; lastKnownFileType = file; path = "Berlin - Italic.ttf"; sourceTree = "<group>"; };
		707645D32615BB830000B52A /* PhoneViewController.swift */ = {isa = PBXFileReference; lastKnownFileType = sourcecode.swift; path = PhoneViewController.swift; sourceTree = "<group>"; };
		707645F52619893D0000B52A /* OTPStackView.swift */ = {isa = PBXFileReference; lastKnownFileType = sourcecode.swift; path = OTPStackView.swift; sourceTree = "<group>"; };
		707645FA261989720000B52A /* OTPTextField.swift */ = {isa = PBXFileReference; lastKnownFileType = sourcecode.swift; path = OTPTextField.swift; sourceTree = "<group>"; };
		707645FF26198A360000B52A /* OTPViewController.swift */ = {isa = PBXFileReference; lastKnownFileType = sourcecode.swift; path = OTPViewController.swift; sourceTree = "<group>"; };
		707646072619D2E20000B52A /* CountryCodes.swift */ = {isa = PBXFileReference; lastKnownFileType = sourcecode.swift; path = CountryCodes.swift; sourceTree = "<group>"; };
		7076460C261A29EA0000B52A /* HomeViewController.swift */ = {isa = PBXFileReference; lastKnownFileType = sourcecode.swift; path = HomeViewController.swift; sourceTree = "<group>"; };
		70764649261B26620000B52A /* ClubModel.swift */ = {isa = PBXFileReference; lastKnownFileType = sourcecode.swift; path = ClubModel.swift; sourceTree = "<group>"; };
		70764651261B289E0000B52A /* UserModel.swift */ = {isa = PBXFileReference; lastKnownFileType = sourcecode.swift; path = UserModel.swift; sourceTree = "<group>"; };
		70764656261B295A0000B52A /* DetailsModel.swift */ = {isa = PBXFileReference; lastKnownFileType = sourcecode.swift; path = DetailsModel.swift; sourceTree = "<group>"; };
		AC5CDE0FAE2F6DD1BFA43A10 /* Pods-keats-keatsUITests.release.xcconfig */ = {isa = PBXFileReference; includeInIndex = 1; lastKnownFileType = text.xcconfig; name = "Pods-keats-keatsUITests.release.xcconfig"; path = "Target Support Files/Pods-keats-keatsUITests/Pods-keats-keatsUITests.release.xcconfig"; sourceTree = "<group>"; };
		C3B82BC534F27EC4CB60CB54 /* Pods-keats-keatsUITests.debug.xcconfig */ = {isa = PBXFileReference; includeInIndex = 1; lastKnownFileType = text.xcconfig; name = "Pods-keats-keatsUITests.debug.xcconfig"; path = "Target Support Files/Pods-keats-keatsUITests/Pods-keats-keatsUITests.debug.xcconfig"; sourceTree = "<group>"; };
		D9CE90B1F7C293B686E38FAF /* Pods_keats.framework */ = {isa = PBXFileReference; explicitFileType = wrapper.framework; includeInIndex = 0; path = Pods_keats.framework; sourceTree = BUILT_PRODUCTS_DIR; };
/* End PBXFileReference section */

/* Begin PBXFrameworksBuildPhase section */
		7031CAFF25D12B9E0002E641 /* Frameworks */ = {
			isa = PBXFrameworksBuildPhase;
			buildActionMask = 2147483647;
			files = (
				0F06365302199E58DF3FFBD5 /* Pods_keats.framework in Frameworks */,
			);
			runOnlyForDeploymentPostprocessing = 0;
		};
		7031CB1525D12BA10002E641 /* Frameworks */ = {
			isa = PBXFrameworksBuildPhase;
			buildActionMask = 2147483647;
			files = (
				5AE4B5479DF3E7CA56705FD7 /* Pods_keatsTests.framework in Frameworks */,
			);
			runOnlyForDeploymentPostprocessing = 0;
		};
		7031CB2025D12BA10002E641 /* Frameworks */ = {
			isa = PBXFrameworksBuildPhase;
			buildActionMask = 2147483647;
			files = (
				96128FDCA485AE355DCE0753 /* Pods_keats_keatsUITests.framework in Frameworks */,
			);
			runOnlyForDeploymentPostprocessing = 0;
		};
/* End PBXFrameworksBuildPhase section */

/* Begin PBXGroup section */
		07E356BD4F9E87CE0A7667A3 /* Pods */ = {
			isa = PBXGroup;
			children = (
				5A9E7831E2D2589DE6B156BA /* Pods-keats.debug.xcconfig */,
				325AED092B90C469203BEDCC /* Pods-keats.release.xcconfig */,
				C3B82BC534F27EC4CB60CB54 /* Pods-keats-keatsUITests.debug.xcconfig */,
				AC5CDE0FAE2F6DD1BFA43A10 /* Pods-keats-keatsUITests.release.xcconfig */,
				37AE49F0A16003820CEA41A0 /* Pods-keatsTests.debug.xcconfig */,
				5E57636C8205A4F7BF1AECE3 /* Pods-keatsTests.release.xcconfig */,
			);
			path = Pods;
			sourceTree = "<group>";
		};
		43307D8671991F49C20DEFBD /* Frameworks */ = {
			isa = PBXGroup;
			children = (
				D9CE90B1F7C293B686E38FAF /* Pods_keats.framework */,
				3F5A33084BBA16680928A599 /* Pods_keats_keatsUITests.framework */,
				6EF970028685C92805F24810 /* Pods_keatsTests.framework */,
			);
			name = Frameworks;
			sourceTree = "<group>";
		};
		7031CAF925D12B9E0002E641 = {
			isa = PBXGroup;
			children = (
				7031CB0425D12B9E0002E641 /* keats */,
				7031CB1B25D12BA10002E641 /* keatsTests */,
				7031CB2625D12BA10002E641 /* keatsUITests */,
				7031CB0325D12B9E0002E641 /* Products */,
				07E356BD4F9E87CE0A7667A3 /* Pods */,
				43307D8671991F49C20DEFBD /* Frameworks */,
			);
			sourceTree = "<group>";
		};
		7031CB0325D12B9E0002E641 /* Products */ = {
			isa = PBXGroup;
			children = (
				7031CB0225D12B9E0002E641 /* keats.app */,
				7031CB1825D12BA10002E641 /* keatsTests.xctest */,
				7031CB2325D12BA10002E641 /* keatsUITests.xctest */,
			);
			name = Products;
			sourceTree = "<group>";
		};
		7031CB0425D12B9E0002E641 /* keats */ = {
			isa = PBXGroup;
			children = (
				7031CB0525D12B9E0002E641 /* AppDelegate.swift */,
				7031CB0725D12B9E0002E641 /* SceneDelegate.swift */,
				7031CB0B25D12B9E0002E641 /* Main.storyboard */,
				707646062619D2BD0000B52A /* Model */,
				707645D22615BB6D0000B52A /* Controller */,
				7031CB0E25D12BA10002E641 /* Assets.xcassets */,
				7099E83425F188BD00AC732A /* Fonts */,
				7031CB1025D12BA10002E641 /* LaunchScreen.storyboard */,
				7057A06525EC106000CEA17A /* GoogleService-Info.plist */,
				7031CB1325D12BA10002E641 /* Info.plist */,
			);
			path = keats;
			sourceTree = "<group>";
		};
		7031CB1B25D12BA10002E641 /* keatsTests */ = {
			isa = PBXGroup;
			children = (
				7031CB1C25D12BA10002E641 /* keatsTests.swift */,
				7031CB1E25D12BA10002E641 /* Info.plist */,
			);
			path = keatsTests;
			sourceTree = "<group>";
		};
		7031CB2625D12BA10002E641 /* keatsUITests */ = {
			isa = PBXGroup;
			children = (
				7031CB2725D12BA10002E641 /* keatsUITests.swift */,
				7031CB2925D12BA10002E641 /* Info.plist */,
			);
			path = keatsUITests;
			sourceTree = "<group>";
		};
		707645D22615BB6D0000B52A /* Controller */ = {
			isa = PBXGroup;
			children = (
				707645D32615BB830000B52A /* PhoneViewController.swift */,
				707645FF26198A360000B52A /* OTPViewController.swift */,
				7076460C261A29EA0000B52A /* HomeViewController.swift */,
			);
			path = Controller;
			sourceTree = "<group>";
		};
		707646062619D2BD0000B52A /* Model */ = {
			isa = PBXGroup;
			children = (
				707645FA261989720000B52A /* OTPTextField.swift */,
				707645F52619893D0000B52A /* OTPStackView.swift */,
				707646072619D2E20000B52A /* CountryCodes.swift */,
				70764649261B26620000B52A /* ClubModel.swift */,
				70764651261B289E0000B52A /* UserModel.swift */,
				70764656261B295A0000B52A /* DetailsModel.swift */,
			);
			path = Model;
			sourceTree = "<group>";
		};
		7099E83425F188BD00AC732A /* Fonts */ = {
			isa = PBXGroup;
			children = (
				70764561260B5E310000B52A /* Berlin - Italic.ttf */,
				7076455E260B5E310000B52A /* Berlin Bold.ttf */,
				7076455F260B5E310000B52A /* Berlin X-Bold.ttf */,
				70764560260B5E310000B52A /* Berlin.ttf */,
			);
			path = Fonts;
			sourceTree = "<group>";
		};
/* End PBXGroup section */

/* Begin PBXNativeTarget section */
		7031CB0125D12B9E0002E641 /* keats */ = {
			isa = PBXNativeTarget;
			buildConfigurationList = 7031CB2C25D12BA10002E641 /* Build configuration list for PBXNativeTarget "keats" */;
			buildPhases = (
				17B416A5E36CF05CC1215B61 /* [CP] Check Pods Manifest.lock */,
				7031CAFE25D12B9E0002E641 /* Sources */,
				7031CAFF25D12B9E0002E641 /* Frameworks */,
				7031CB0025D12B9E0002E641 /* Resources */,
				9A7C1C3D4DDAA41393461FAF /* [CP] Embed Pods Frameworks */,
			);
			buildRules = (
			);
			dependencies = (
			);
			name = keats;
			productName = keats;
			productReference = 7031CB0225D12B9E0002E641 /* keats.app */;
			productType = "com.apple.product-type.application";
		};
		7031CB1725D12BA10002E641 /* keatsTests */ = {
			isa = PBXNativeTarget;
			buildConfigurationList = 7031CB2F25D12BA10002E641 /* Build configuration list for PBXNativeTarget "keatsTests" */;
			buildPhases = (
				41AD23A841D99ADDDC6F6847 /* [CP] Check Pods Manifest.lock */,
				7031CB1425D12BA10002E641 /* Sources */,
				7031CB1525D12BA10002E641 /* Frameworks */,
				7031CB1625D12BA10002E641 /* Resources */,
			);
			buildRules = (
			);
			dependencies = (
				7031CB1A25D12BA10002E641 /* PBXTargetDependency */,
			);
			name = keatsTests;
			productName = keatsTests;
			productReference = 7031CB1825D12BA10002E641 /* keatsTests.xctest */;
			productType = "com.apple.product-type.bundle.unit-test";
		};
		7031CB2225D12BA10002E641 /* keatsUITests */ = {
			isa = PBXNativeTarget;
			buildConfigurationList = 7031CB3225D12BA10002E641 /* Build configuration list for PBXNativeTarget "keatsUITests" */;
			buildPhases = (
				3D9DC368E848D13BA7B90622 /* [CP] Check Pods Manifest.lock */,
				7031CB1F25D12BA10002E641 /* Sources */,
				7031CB2025D12BA10002E641 /* Frameworks */,
				7031CB2125D12BA10002E641 /* Resources */,
				73E8D9F4DCE9716EE46B4887 /* [CP] Embed Pods Frameworks */,
			);
			buildRules = (
			);
			dependencies = (
				7031CB2525D12BA10002E641 /* PBXTargetDependency */,
			);
			name = keatsUITests;
			productName = keatsUITests;
			productReference = 7031CB2325D12BA10002E641 /* keatsUITests.xctest */;
			productType = "com.apple.product-type.bundle.ui-testing";
		};
/* End PBXNativeTarget section */

/* Begin PBXProject section */
		7031CAFA25D12B9E0002E641 /* Project object */ = {
			isa = PBXProject;
			attributes = {
				LastSwiftUpdateCheck = 1240;
				LastUpgradeCheck = 1240;
				TargetAttributes = {
					7031CB0125D12B9E0002E641 = {
						CreatedOnToolsVersion = 12.4;
					};
					7031CB1725D12BA10002E641 = {
						CreatedOnToolsVersion = 12.4;
						TestTargetID = 7031CB0125D12B9E0002E641;
					};
					7031CB2225D12BA10002E641 = {
						CreatedOnToolsVersion = 12.4;
						TestTargetID = 7031CB0125D12B9E0002E641;
					};
				};
			};
			buildConfigurationList = 7031CAFD25D12B9E0002E641 /* Build configuration list for PBXProject "keats" */;
			compatibilityVersion = "Xcode 9.3";
			developmentRegion = en;
			hasScannedForEncodings = 0;
			knownRegions = (
				en,
				Base,
			);
			mainGroup = 7031CAF925D12B9E0002E641;
			productRefGroup = 7031CB0325D12B9E0002E641 /* Products */;
			projectDirPath = "";
			projectRoot = "";
			targets = (
				7031CB0125D12B9E0002E641 /* keats */,
				7031CB1725D12BA10002E641 /* keatsTests */,
				7031CB2225D12BA10002E641 /* keatsUITests */,
			);
		};
/* End PBXProject section */

/* Begin PBXResourcesBuildPhase section */
		7031CB0025D12B9E0002E641 /* Resources */ = {
			isa = PBXResourcesBuildPhase;
			buildActionMask = 2147483647;
			files = (
				70764565260B5E310000B52A /* Berlin - Italic.ttf in Resources */,
				70764563260B5E310000B52A /* Berlin X-Bold.ttf in Resources */,
				70764562260B5E310000B52A /* Berlin Bold.ttf in Resources */,
				70764564260B5E310000B52A /* Berlin.ttf in Resources */,
				7031CB1225D12BA10002E641 /* LaunchScreen.storyboard in Resources */,
				7031CB0F25D12BA10002E641 /* Assets.xcassets in Resources */,
				7031CB0D25D12B9E0002E641 /* Main.storyboard in Resources */,
				7057A06625EC106000CEA17A /* GoogleService-Info.plist in Resources */,
			);
			runOnlyForDeploymentPostprocessing = 0;
		};
		7031CB1625D12BA10002E641 /* Resources */ = {
			isa = PBXResourcesBuildPhase;
			buildActionMask = 2147483647;
			files = (
				7057A06725EC106000CEA17A /* GoogleService-Info.plist in Resources */,
			);
			runOnlyForDeploymentPostprocessing = 0;
		};
		7031CB2125D12BA10002E641 /* Resources */ = {
			isa = PBXResourcesBuildPhase;
			buildActionMask = 2147483647;
			files = (
				7057A06825EC106000CEA17A /* GoogleService-Info.plist in Resources */,
			);
			runOnlyForDeploymentPostprocessing = 0;
		};
/* End PBXResourcesBuildPhase section */

/* Begin PBXShellScriptBuildPhase section */
		17B416A5E36CF05CC1215B61 /* [CP] Check Pods Manifest.lock */ = {
			isa = PBXShellScriptBuildPhase;
			buildActionMask = 2147483647;
			files = (
			);
			inputFileListPaths = (
			);
			inputPaths = (
				"${PODS_PODFILE_DIR_PATH}/Podfile.lock",
				"${PODS_ROOT}/Manifest.lock",
			);
			name = "[CP] Check Pods Manifest.lock";
			outputFileListPaths = (
			);
			outputPaths = (
				"$(DERIVED_FILE_DIR)/Pods-keats-checkManifestLockResult.txt",
			);
			runOnlyForDeploymentPostprocessing = 0;
			shellPath = /bin/sh;
			shellScript = "diff \"${PODS_PODFILE_DIR_PATH}/Podfile.lock\" \"${PODS_ROOT}/Manifest.lock\" > /dev/null\nif [ $? != 0 ] ; then\n    # print error to STDERR\n    echo \"error: The sandbox is not in sync with the Podfile.lock. Run 'pod install' or update your CocoaPods installation.\" >&2\n    exit 1\nfi\n# This output is used by Xcode 'outputs' to avoid re-running this script phase.\necho \"SUCCESS\" > \"${SCRIPT_OUTPUT_FILE_0}\"\n";
			showEnvVarsInLog = 0;
		};
		3D9DC368E848D13BA7B90622 /* [CP] Check Pods Manifest.lock */ = {
			isa = PBXShellScriptBuildPhase;
			buildActionMask = 2147483647;
			files = (
			);
			inputFileListPaths = (
			);
			inputPaths = (
				"${PODS_PODFILE_DIR_PATH}/Podfile.lock",
				"${PODS_ROOT}/Manifest.lock",
			);
			name = "[CP] Check Pods Manifest.lock";
			outputFileListPaths = (
			);
			outputPaths = (
				"$(DERIVED_FILE_DIR)/Pods-keats-keatsUITests-checkManifestLockResult.txt",
			);
			runOnlyForDeploymentPostprocessing = 0;
			shellPath = /bin/sh;
			shellScript = "diff \"${PODS_PODFILE_DIR_PATH}/Podfile.lock\" \"${PODS_ROOT}/Manifest.lock\" > /dev/null\nif [ $? != 0 ] ; then\n    # print error to STDERR\n    echo \"error: The sandbox is not in sync with the Podfile.lock. Run 'pod install' or update your CocoaPods installation.\" >&2\n    exit 1\nfi\n# This output is used by Xcode 'outputs' to avoid re-running this script phase.\necho \"SUCCESS\" > \"${SCRIPT_OUTPUT_FILE_0}\"\n";
			showEnvVarsInLog = 0;
		};
		41AD23A841D99ADDDC6F6847 /* [CP] Check Pods Manifest.lock */ = {
			isa = PBXShellScriptBuildPhase;
			buildActionMask = 2147483647;
			files = (
			);
			inputFileListPaths = (
			);
			inputPaths = (
				"${PODS_PODFILE_DIR_PATH}/Podfile.lock",
				"${PODS_ROOT}/Manifest.lock",
			);
			name = "[CP] Check Pods Manifest.lock";
			outputFileListPaths = (
			);
			outputPaths = (
				"$(DERIVED_FILE_DIR)/Pods-keatsTests-checkManifestLockResult.txt",
			);
			runOnlyForDeploymentPostprocessing = 0;
			shellPath = /bin/sh;
			shellScript = "diff \"${PODS_PODFILE_DIR_PATH}/Podfile.lock\" \"${PODS_ROOT}/Manifest.lock\" > /dev/null\nif [ $? != 0 ] ; then\n    # print error to STDERR\n    echo \"error: The sandbox is not in sync with the Podfile.lock. Run 'pod install' or update your CocoaPods installation.\" >&2\n    exit 1\nfi\n# This output is used by Xcode 'outputs' to avoid re-running this script phase.\necho \"SUCCESS\" > \"${SCRIPT_OUTPUT_FILE_0}\"\n";
			showEnvVarsInLog = 0;
		};
		73E8D9F4DCE9716EE46B4887 /* [CP] Embed Pods Frameworks */ = {
			isa = PBXShellScriptBuildPhase;
			buildActionMask = 2147483647;
			files = (
			);
			inputFileListPaths = (
				"${PODS_ROOT}/Target Support Files/Pods-keats-keatsUITests/Pods-keats-keatsUITests-frameworks-${CONFIGURATION}-input-files.xcfilelist",
			);
			name = "[CP] Embed Pods Frameworks";
			outputFileListPaths = (
				"${PODS_ROOT}/Target Support Files/Pods-keats-keatsUITests/Pods-keats-keatsUITests-frameworks-${CONFIGURATION}-output-files.xcfilelist",
			);
			runOnlyForDeploymentPostprocessing = 0;
			shellPath = /bin/sh;
			shellScript = "\"${PODS_ROOT}/Target Support Files/Pods-keats-keatsUITests/Pods-keats-keatsUITests-frameworks.sh\"\n";
			showEnvVarsInLog = 0;
		};
		9A7C1C3D4DDAA41393461FAF /* [CP] Embed Pods Frameworks */ = {
			isa = PBXShellScriptBuildPhase;
			buildActionMask = 2147483647;
			files = (
			);
			inputFileListPaths = (
				"${PODS_ROOT}/Target Support Files/Pods-keats/Pods-keats-frameworks-${CONFIGURATION}-input-files.xcfilelist",
			);
			name = "[CP] Embed Pods Frameworks";
			outputFileListPaths = (
				"${PODS_ROOT}/Target Support Files/Pods-keats/Pods-keats-frameworks-${CONFIGURATION}-output-files.xcfilelist",
			);
			runOnlyForDeploymentPostprocessing = 0;
			shellPath = /bin/sh;
			shellScript = "\"${PODS_ROOT}/Target Support Files/Pods-keats/Pods-keats-frameworks.sh\"\n";
			showEnvVarsInLog = 0;
		};
/* End PBXShellScriptBuildPhase section */

/* Begin PBXSourcesBuildPhase section */
		7031CAFE25D12B9E0002E641 /* Sources */ = {
			isa = PBXSourcesBuildPhase;
			buildActionMask = 2147483647;
			files = (
				7076460026198A360000B52A /* OTPViewController.swift in Sources */,
				707645D42615BB830000B52A /* PhoneViewController.swift in Sources */,
				707645F62619893D0000B52A /* OTPStackView.swift in Sources */,
				7076464A261B26620000B52A /* ClubModel.swift in Sources */,
				7076460D261A29EB0000B52A /* HomeViewController.swift in Sources */,
				7031CB0625D12B9E0002E641 /* AppDelegate.swift in Sources */,
				70764657261B295A0000B52A /* DetailsModel.swift in Sources */,
				7031CB0825D12B9E0002E641 /* SceneDelegate.swift in Sources */,
				707646082619D2E20000B52A /* CountryCodes.swift in Sources */,
				70764652261B289E0000B52A /* UserModel.swift in Sources */,
				707645FB261989720000B52A /* OTPTextField.swift in Sources */,
			);
			runOnlyForDeploymentPostprocessing = 0;
		};
		7031CB1425D12BA10002E641 /* Sources */ = {
			isa = PBXSourcesBuildPhase;
			buildActionMask = 2147483647;
			files = (
				7076460126198A360000B52A /* OTPViewController.swift in Sources */,
				7031CB1D25D12BA10002E641 /* keatsTests.swift in Sources */,
				707645D52615BB830000B52A /* PhoneViewController.swift in Sources */,
				7076460E261A29EB0000B52A /* HomeViewController.swift in Sources */,
			);
			runOnlyForDeploymentPostprocessing = 0;
		};
		7031CB1F25D12BA10002E641 /* Sources */ = {
			isa = PBXSourcesBuildPhase;
			buildActionMask = 2147483647;
			files = (
				7076460226198A360000B52A /* OTPViewController.swift in Sources */,
				7031CB2825D12BA10002E641 /* keatsUITests.swift in Sources */,
				707645D62615BB830000B52A /* PhoneViewController.swift in Sources */,
				7076460F261A29EB0000B52A /* HomeViewController.swift in Sources */,
			);
			runOnlyForDeploymentPostprocessing = 0;
		};
/* End PBXSourcesBuildPhase section */

/* Begin PBXTargetDependency section */
		7031CB1A25D12BA10002E641 /* PBXTargetDependency */ = {
			isa = PBXTargetDependency;
			target = 7031CB0125D12B9E0002E641 /* keats */;
			targetProxy = 7031CB1925D12BA10002E641 /* PBXContainerItemProxy */;
		};
		7031CB2525D12BA10002E641 /* PBXTargetDependency */ = {
			isa = PBXTargetDependency;
			target = 7031CB0125D12B9E0002E641 /* keats */;
			targetProxy = 7031CB2425D12BA10002E641 /* PBXContainerItemProxy */;
		};
/* End PBXTargetDependency section */

/* Begin PBXVariantGroup section */
		7031CB0B25D12B9E0002E641 /* Main.storyboard */ = {
			isa = PBXVariantGroup;
			children = (
				7031CB0C25D12B9E0002E641 /* Base */,
			);
			name = Main.storyboard;
			sourceTree = "<group>";
		};
		7031CB1025D12BA10002E641 /* LaunchScreen.storyboard */ = {
			isa = PBXVariantGroup;
			children = (
				7031CB1125D12BA10002E641 /* Base */,
			);
			name = LaunchScreen.storyboard;
			sourceTree = "<group>";
		};
/* End PBXVariantGroup section */

/* Begin XCBuildConfiguration section */
		7031CB2A25D12BA10002E641 /* Debug */ = {
			isa = XCBuildConfiguration;
			buildSettings = {
				ALWAYS_SEARCH_USER_PATHS = NO;
				CLANG_ANALYZER_NONNULL = YES;
				CLANG_ANALYZER_NUMBER_OBJECT_CONVERSION = YES_AGGRESSIVE;
				CLANG_CXX_LANGUAGE_STANDARD = "gnu++14";
				CLANG_CXX_LIBRARY = "libc++";
				CLANG_ENABLE_MODULES = YES;
				CLANG_ENABLE_OBJC_ARC = YES;
				CLANG_ENABLE_OBJC_WEAK = YES;
				CLANG_WARN_BLOCK_CAPTURE_AUTORELEASING = YES;
				CLANG_WARN_BOOL_CONVERSION = YES;
				CLANG_WARN_COMMA = YES;
				CLANG_WARN_CONSTANT_CONVERSION = YES;
				CLANG_WARN_DEPRECATED_OBJC_IMPLEMENTATIONS = YES;
				CLANG_WARN_DIRECT_OBJC_ISA_USAGE = YES_ERROR;
				CLANG_WARN_DOCUMENTATION_COMMENTS = YES;
				CLANG_WARN_EMPTY_BODY = YES;
				CLANG_WARN_ENUM_CONVERSION = YES;
				CLANG_WARN_INFINITE_RECURSION = YES;
				CLANG_WARN_INT_CONVERSION = YES;
				CLANG_WARN_NON_LITERAL_NULL_CONVERSION = YES;
				CLANG_WARN_OBJC_IMPLICIT_RETAIN_SELF = YES;
				CLANG_WARN_OBJC_LITERAL_CONVERSION = YES;
				CLANG_WARN_OBJC_ROOT_CLASS = YES_ERROR;
				CLANG_WARN_QUOTED_INCLUDE_IN_FRAMEWORK_HEADER = YES;
				CLANG_WARN_RANGE_LOOP_ANALYSIS = YES;
				CLANG_WARN_STRICT_PROTOTYPES = YES;
				CLANG_WARN_SUSPICIOUS_MOVE = YES;
				CLANG_WARN_UNGUARDED_AVAILABILITY = YES_AGGRESSIVE;
				CLANG_WARN_UNREACHABLE_CODE = YES;
				CLANG_WARN__DUPLICATE_METHOD_MATCH = YES;
				COPY_PHASE_STRIP = NO;
				DEBUG_INFORMATION_FORMAT = dwarf;
				ENABLE_STRICT_OBJC_MSGSEND = YES;
				ENABLE_TESTABILITY = YES;
				GCC_C_LANGUAGE_STANDARD = gnu11;
				GCC_DYNAMIC_NO_PIC = NO;
				GCC_NO_COMMON_BLOCKS = YES;
				GCC_OPTIMIZATION_LEVEL = 0;
				GCC_PREPROCESSOR_DEFINITIONS = (
					"DEBUG=1",
					"$(inherited)",
				);
				GCC_WARN_64_TO_32_BIT_CONVERSION = YES;
				GCC_WARN_ABOUT_RETURN_TYPE = YES_ERROR;
				GCC_WARN_UNDECLARED_SELECTOR = YES;
				GCC_WARN_UNINITIALIZED_AUTOS = YES_AGGRESSIVE;
				GCC_WARN_UNUSED_FUNCTION = YES;
				GCC_WARN_UNUSED_VARIABLE = YES;
				IPHONEOS_DEPLOYMENT_TARGET = 14.4;
				MTL_ENABLE_DEBUG_INFO = INCLUDE_SOURCE;
				MTL_FAST_MATH = YES;
				ONLY_ACTIVE_ARCH = YES;
				SDKROOT = iphoneos;
				SWIFT_ACTIVE_COMPILATION_CONDITIONS = DEBUG;
				SWIFT_OPTIMIZATION_LEVEL = "-Onone";
			};
			name = Debug;
		};
		7031CB2B25D12BA10002E641 /* Release */ = {
			isa = XCBuildConfiguration;
			buildSettings = {
				ALWAYS_SEARCH_USER_PATHS = NO;
				CLANG_ANALYZER_NONNULL = YES;
				CLANG_ANALYZER_NUMBER_OBJECT_CONVERSION = YES_AGGRESSIVE;
				CLANG_CXX_LANGUAGE_STANDARD = "gnu++14";
				CLANG_CXX_LIBRARY = "libc++";
				CLANG_ENABLE_MODULES = YES;
				CLANG_ENABLE_OBJC_ARC = YES;
				CLANG_ENABLE_OBJC_WEAK = YES;
				CLANG_WARN_BLOCK_CAPTURE_AUTORELEASING = YES;
				CLANG_WARN_BOOL_CONVERSION = YES;
				CLANG_WARN_COMMA = YES;
				CLANG_WARN_CONSTANT_CONVERSION = YES;
				CLANG_WARN_DEPRECATED_OBJC_IMPLEMENTATIONS = YES;
				CLANG_WARN_DIRECT_OBJC_ISA_USAGE = YES_ERROR;
				CLANG_WARN_DOCUMENTATION_COMMENTS = YES;
				CLANG_WARN_EMPTY_BODY = YES;
				CLANG_WARN_ENUM_CONVERSION = YES;
				CLANG_WARN_INFINITE_RECURSION = YES;
				CLANG_WARN_INT_CONVERSION = YES;
				CLANG_WARN_NON_LITERAL_NULL_CONVERSION = YES;
				CLANG_WARN_OBJC_IMPLICIT_RETAIN_SELF = YES;
				CLANG_WARN_OBJC_LITERAL_CONVERSION = YES;
				CLANG_WARN_OBJC_ROOT_CLASS = YES_ERROR;
				CLANG_WARN_QUOTED_INCLUDE_IN_FRAMEWORK_HEADER = YES;
				CLANG_WARN_RANGE_LOOP_ANALYSIS = YES;
				CLANG_WARN_STRICT_PROTOTYPES = YES;
				CLANG_WARN_SUSPICIOUS_MOVE = YES;
				CLANG_WARN_UNGUARDED_AVAILABILITY = YES_AGGRESSIVE;
				CLANG_WARN_UNREACHABLE_CODE = YES;
				CLANG_WARN__DUPLICATE_METHOD_MATCH = YES;
				COPY_PHASE_STRIP = NO;
				DEBUG_INFORMATION_FORMAT = "dwarf-with-dsym";
				ENABLE_NS_ASSERTIONS = NO;
				ENABLE_STRICT_OBJC_MSGSEND = YES;
				GCC_C_LANGUAGE_STANDARD = gnu11;
				GCC_NO_COMMON_BLOCKS = YES;
				GCC_WARN_64_TO_32_BIT_CONVERSION = YES;
				GCC_WARN_ABOUT_RETURN_TYPE = YES_ERROR;
				GCC_WARN_UNDECLARED_SELECTOR = YES;
				GCC_WARN_UNINITIALIZED_AUTOS = YES_AGGRESSIVE;
				GCC_WARN_UNUSED_FUNCTION = YES;
				GCC_WARN_UNUSED_VARIABLE = YES;
				IPHONEOS_DEPLOYMENT_TARGET = 14.4;
				MTL_ENABLE_DEBUG_INFO = NO;
				MTL_FAST_MATH = YES;
				SDKROOT = iphoneos;
				SWIFT_COMPILATION_MODE = wholemodule;
				SWIFT_OPTIMIZATION_LEVEL = "-O";
				VALIDATE_PRODUCT = YES;
			};
			name = Release;
		};
		7031CB2D25D12BA10002E641 /* Debug */ = {
			isa = XCBuildConfiguration;
			baseConfigurationReference = 5A9E7831E2D2589DE6B156BA /* Pods-keats.debug.xcconfig */;
			buildSettings = {
				ASSETCATALOG_COMPILER_APPICON_NAME = AppIcon;
				ASSETCATALOG_COMPILER_GLOBAL_ACCENT_COLOR_NAME = AccentColor;
				CODE_SIGN_STYLE = Automatic;
				DEVELOPMENT_TEAM = C35DR2MHM7;
				INFOPLIST_FILE = keats/Info.plist;
				LD_RUNPATH_SEARCH_PATHS = (
					"$(inherited)",
					"@executable_path/Frameworks",
				);
				PRODUCT_BUNDLE_IDENTIFIER = com.swams.keats;
				PRODUCT_NAME = "$(TARGET_NAME)";
				SWIFT_VERSION = 5.0;
				TARGETED_DEVICE_FAMILY = 1;
			};
			name = Debug;
		};
		7031CB2E25D12BA10002E641 /* Release */ = {
			isa = XCBuildConfiguration;
			baseConfigurationReference = 325AED092B90C469203BEDCC /* Pods-keats.release.xcconfig */;
			buildSettings = {
				ASSETCATALOG_COMPILER_APPICON_NAME = AppIcon;
				ASSETCATALOG_COMPILER_GLOBAL_ACCENT_COLOR_NAME = AccentColor;
				CODE_SIGN_STYLE = Automatic;
				DEVELOPMENT_TEAM = C35DR2MHM7;
				INFOPLIST_FILE = keats/Info.plist;
				LD_RUNPATH_SEARCH_PATHS = (
					"$(inherited)",
					"@executable_path/Frameworks",
				);
				PRODUCT_BUNDLE_IDENTIFIER = com.swams.keats;
				PRODUCT_NAME = "$(TARGET_NAME)";
				SWIFT_VERSION = 5.0;
				TARGETED_DEVICE_FAMILY = 1;
			};
			name = Release;
		};
		7031CB3025D12BA10002E641 /* Debug */ = {
			isa = XCBuildConfiguration;
			baseConfigurationReference = 37AE49F0A16003820CEA41A0 /* Pods-keatsTests.debug.xcconfig */;
			buildSettings = {
				ALWAYS_EMBED_SWIFT_STANDARD_LIBRARIES = YES;
				BUNDLE_LOADER = "$(TEST_HOST)";
				CODE_SIGN_STYLE = Automatic;
				DEVELOPMENT_TEAM = C35DR2MHM7;
				INFOPLIST_FILE = keatsTests/Info.plist;
				IPHONEOS_DEPLOYMENT_TARGET = 14.4;
				LD_RUNPATH_SEARCH_PATHS = (
					"$(inherited)",
					"@executable_path/Frameworks",
					"@loader_path/Frameworks",
				);
				PRODUCT_BUNDLE_IDENTIFIER = com.swams.keatsTests;
				PRODUCT_NAME = "$(TARGET_NAME)";
				SWIFT_VERSION = 5.0;
				TARGETED_DEVICE_FAMILY = "1,2";
				TEST_HOST = "$(BUILT_PRODUCTS_DIR)/keats.app/keats";
			};
			name = Debug;
		};
		7031CB3125D12BA10002E641 /* Release */ = {
			isa = XCBuildConfiguration;
			baseConfigurationReference = 5E57636C8205A4F7BF1AECE3 /* Pods-keatsTests.release.xcconfig */;
			buildSettings = {
				ALWAYS_EMBED_SWIFT_STANDARD_LIBRARIES = YES;
				BUNDLE_LOADER = "$(TEST_HOST)";
				CODE_SIGN_STYLE = Automatic;
				DEVELOPMENT_TEAM = C35DR2MHM7;
				INFOPLIST_FILE = keatsTests/Info.plist;
				IPHONEOS_DEPLOYMENT_TARGET = 14.4;
				LD_RUNPATH_SEARCH_PATHS = (
					"$(inherited)",
					"@executable_path/Frameworks",
					"@loader_path/Frameworks",
				);
				PRODUCT_BUNDLE_IDENTIFIER = com.swams.keatsTests;
				PRODUCT_NAME = "$(TARGET_NAME)";
				SWIFT_VERSION = 5.0;
				TARGETED_DEVICE_FAMILY = "1,2";
				TEST_HOST = "$(BUILT_PRODUCTS_DIR)/keats.app/keats";
			};
			name = Release;
		};
		7031CB3325D12BA10002E641 /* Debug */ = {
			isa = XCBuildConfiguration;
			baseConfigurationReference = C3B82BC534F27EC4CB60CB54 /* Pods-keats-keatsUITests.debug.xcconfig */;
			buildSettings = {
				ALWAYS_EMBED_SWIFT_STANDARD_LIBRARIES = YES;
				CODE_SIGN_STYLE = Automatic;
				DEVELOPMENT_TEAM = C35DR2MHM7;
				INFOPLIST_FILE = keatsUITests/Info.plist;
				LD_RUNPATH_SEARCH_PATHS = (
					"$(inherited)",
					"@executable_path/Frameworks",
					"@loader_path/Frameworks",
				);
				PRODUCT_BUNDLE_IDENTIFIER = com.swams.keatsUITests;
				PRODUCT_NAME = "$(TARGET_NAME)";
				SWIFT_VERSION = 5.0;
				TARGETED_DEVICE_FAMILY = "1,2";
				TEST_TARGET_NAME = keats;
			};
			name = Debug;
		};
		7031CB3425D12BA10002E641 /* Release */ = {
			isa = XCBuildConfiguration;
			baseConfigurationReference = AC5CDE0FAE2F6DD1BFA43A10 /* Pods-keats-keatsUITests.release.xcconfig */;
			buildSettings = {
				ALWAYS_EMBED_SWIFT_STANDARD_LIBRARIES = YES;
				CODE_SIGN_STYLE = Automatic;
				DEVELOPMENT_TEAM = C35DR2MHM7;
				INFOPLIST_FILE = keatsUITests/Info.plist;
				LD_RUNPATH_SEARCH_PATHS = (
					"$(inherited)",
					"@executable_path/Frameworks",
					"@loader_path/Frameworks",
				);
				PRODUCT_BUNDLE_IDENTIFIER = com.swams.keatsUITests;
				PRODUCT_NAME = "$(TARGET_NAME)";
				SWIFT_VERSION = 5.0;
				TARGETED_DEVICE_FAMILY = "1,2";
				TEST_TARGET_NAME = keats;
			};
			name = Release;
		};
/* End XCBuildConfiguration section */

/* Begin XCConfigurationList section */
		7031CAFD25D12B9E0002E641 /* Build configuration list for PBXProject "keats" */ = {
			isa = XCConfigurationList;
			buildConfigurations = (
				7031CB2A25D12BA10002E641 /* Debug */,
				7031CB2B25D12BA10002E641 /* Release */,
			);
			defaultConfigurationIsVisible = 0;
			defaultConfigurationName = Release;
		};
		7031CB2C25D12BA10002E641 /* Build configuration list for PBXNativeTarget "keats" */ = {
			isa = XCConfigurationList;
			buildConfigurations = (
				7031CB2D25D12BA10002E641 /* Debug */,
				7031CB2E25D12BA10002E641 /* Release */,
			);
			defaultConfigurationIsVisible = 0;
			defaultConfigurationName = Release;
		};
		7031CB2F25D12BA10002E641 /* Build configuration list for PBXNativeTarget "keatsTests" */ = {
			isa = XCConfigurationList;
			buildConfigurations = (
				7031CB3025D12BA10002E641 /* Debug */,
				7031CB3125D12BA10002E641 /* Release */,
			);
			defaultConfigurationIsVisible = 0;
			defaultConfigurationName = Release;
		};
		7031CB3225D12BA10002E641 /* Build configuration list for PBXNativeTarget "keatsUITests" */ = {
			isa = XCConfigurationList;
			buildConfigurations = (
				7031CB3325D12BA10002E641 /* Debug */,
				7031CB3425D12BA10002E641 /* Release */,
			);
			defaultConfigurationIsVisible = 0;
			defaultConfigurationName = Release;
		};
/* End XCConfigurationList section */
	};
	rootObject = 7031CAFA25D12B9E0002E641 /* Project object */;
}
